// !$*UTF8*$!
{
	archiveVersion = 1;
	classes = {
	};
	objectVersion = 46;
	objects = {

/* Begin PBXBuildFile section */
		D0231ADB1F79E7BB004DBD1C /* AppDelegate.swift in Sources */ = {isa = PBXBuildFile; fileRef = D0231ADA1F79E7BB004DBD1C /* AppDelegate.swift */; };
		D0231ADD1F79E7BB004DBD1C /* ViewController.swift in Sources */ = {isa = PBXBuildFile; fileRef = D0231ADC1F79E7BB004DBD1C /* ViewController.swift */; };
		D0231AE01F79E7BB004DBD1C /* Main.storyboard in Resources */ = {isa = PBXBuildFile; fileRef = D0231ADE1F79E7BB004DBD1C /* Main.storyboard */; };
		D0231AE21F79E7BB004DBD1C /* Assets.xcassets in Resources */ = {isa = PBXBuildFile; fileRef = D0231AE11F79E7BB004DBD1C /* Assets.xcassets */; };
		D0231AE51F79E7BB004DBD1C /* LaunchScreen.storyboard in Resources */ = {isa = PBXBuildFile; fileRef = D0231AE31F79E7BB004DBD1C /* LaunchScreen.storyboard */; };
		D07C27B21F7C62F50064E5ED /* PopUpViewController.swift in Sources */ = {isa = PBXBuildFile; fileRef = D07C27B11F7C62F50064E5ED /* PopUpViewController.swift */; };
		D07E6BB51F8196010009A822 /* AdSupport.framework in Frameworks */ = {isa = PBXBuildFile; fileRef = D07E6BB41F8196010009A822 /* AdSupport.framework */; };
		D07E6BB71F81960A0009A822 /* AudioToolbox.framework in Frameworks */ = {isa = PBXBuildFile; fileRef = D07E6BB61F81960A0009A822 /* AudioToolbox.framework */; };
		D07E6BB91F8196100009A822 /* AVFoundation.framework in Frameworks */ = {isa = PBXBuildFile; fileRef = D07E6BB81F8196100009A822 /* AVFoundation.framework */; };
		D07E6BBB1F8196170009A822 /* CoreGraphics.framework in Frameworks */ = {isa = PBXBuildFile; fileRef = D07E6BBA1F8196170009A822 /* CoreGraphics.framework */; };
		D07E6BBD1F8196200009A822 /* CoreTelephony.framework in Frameworks */ = {isa = PBXBuildFile; fileRef = D07E6BBC1F8196200009A822 /* CoreTelephony.framework */; };
		D07E6BBF1F8196280009A822 /* EventKit.framework in Frameworks */ = {isa = PBXBuildFile; fileRef = D07E6BBE1F8196280009A822 /* EventKit.framework */; };
		D07E6BC11F81962F0009A822 /* EventKitUI.framework in Frameworks */ = {isa = PBXBuildFile; fileRef = D07E6BC01F81962F0009A822 /* EventKitUI.framework */; };
		D07E6BC31F8196360009A822 /* MessageUI.framework in Frameworks */ = {isa = PBXBuildFile; fileRef = D07E6BC21F8196360009A822 /* MessageUI.framework */; };
		D07E6BC51F81963C0009A822 /* StoreKit.framework in Frameworks */ = {isa = PBXBuildFile; fileRef = D07E6BC41F81963C0009A822 /* StoreKit.framework */; };
		D07E6BC71F8196440009A822 /* SystemConfiguration.framework in Frameworks */ = {isa = PBXBuildFile; fileRef = D07E6BC61F8196440009A822 /* SystemConfiguration.framework */; };
		D07E6BC91F81973B0009A822 /* GoogleMobileAds.framework in Frameworks */ = {isa = PBXBuildFile; fileRef = D07E6BC81F81973B0009A822 /* GoogleMobileAds.framework */; };
		D07E6BCA1F8197680009A822 /* GoogleMobileAds.framework in Frameworks */ = {isa = PBXBuildFile; fileRef = D07E6BB21F8195EF0009A822 /* GoogleMobileAds.framework */; };
		D0A735581FA19CBC0091F93B /* MaxLengthTextField.swift in Sources */ = {isa = PBXBuildFile; fileRef = D0A735571FA19CBC0091F93B /* MaxLengthTextField.swift */; };
/* End PBXBuildFile section */

/* Begin PBXFileReference section */
		D0231AD71F79E7BB004DBD1C /* edibleThcCalculator.app */ = {isa = PBXFileReference; explicitFileType = wrapper.application; includeInIndex = 0; path = edibleThcCalculator.app; sourceTree = BUILT_PRODUCTS_DIR; };
		D0231ADA1F79E7BB004DBD1C /* AppDelegate.swift */ = {isa = PBXFileReference; lastKnownFileType = sourcecode.swift; path = AppDelegate.swift; sourceTree = "<group>"; };
		D0231ADC1F79E7BB004DBD1C /* ViewController.swift */ = {isa = PBXFileReference; lastKnownFileType = sourcecode.swift; path = ViewController.swift; sourceTree = "<group>"; };
		D0231ADF1F79E7BB004DBD1C /* Base */ = {isa = PBXFileReference; lastKnownFileType = file.storyboard; name = Base; path = Base.lproj/Main.storyboard; sourceTree = "<group>"; };
		D0231AE11F79E7BB004DBD1C /* Assets.xcassets */ = {isa = PBXFileReference; lastKnownFileType = folder.assetcatalog; path = Assets.xcassets; sourceTree = "<group>"; };
		D0231AE41F79E7BB004DBD1C /* Base */ = {isa = PBXFileReference; lastKnownFileType = file.storyboard; name = Base; path = Base.lproj/LaunchScreen.storyboard; sourceTree = "<group>"; };
		D0231AE61F79E7BB004DBD1C /* Info.plist */ = {isa = PBXFileReference; lastKnownFileType = text.plist.xml; path = Info.plist; sourceTree = "<group>"; };
		D07C27B11F7C62F50064E5ED /* PopUpViewController.swift */ = {isa = PBXFileReference; fileEncoding = 4; lastKnownFileType = sourcecode.swift; path = PopUpViewController.swift; sourceTree = "<group>"; };
		D07E6BB21F8195EF0009A822 /* GoogleMobileAds.framework */ = {isa = PBXFileReference; lastKnownFileType = wrapper.framework; name = GoogleMobileAds.framework; path = "SDKs copy/GoogleMobileAdsSdkiOS-7.24.1/GoogleMobileAds.framework"; sourceTree = "<group>"; };
		D07E6BB41F8196010009A822 /* AdSupport.framework */ = {isa = PBXFileReference; lastKnownFileType = wrapper.framework; name = AdSupport.framework; path = System/Library/Frameworks/AdSupport.framework; sourceTree = SDKROOT; };
		D07E6BB61F81960A0009A822 /* AudioToolbox.framework */ = {isa = PBXFileReference; lastKnownFileType = wrapper.framework; name = AudioToolbox.framework; path = System/Library/Frameworks/AudioToolbox.framework; sourceTree = SDKROOT; };
		D07E6BB81F8196100009A822 /* AVFoundation.framework */ = {isa = PBXFileReference; lastKnownFileType = wrapper.framework; name = AVFoundation.framework; path = System/Library/Frameworks/AVFoundation.framework; sourceTree = SDKROOT; };
		D07E6BBA1F8196170009A822 /* CoreGraphics.framework */ = {isa = PBXFileReference; lastKnownFileType = wrapper.framework; name = CoreGraphics.framework; path = System/Library/Frameworks/CoreGraphics.framework; sourceTree = SDKROOT; };
		D07E6BBC1F8196200009A822 /* CoreTelephony.framework */ = {isa = PBXFileReference; lastKnownFileType = wrapper.framework; name = CoreTelephony.framework; path = System/Library/Frameworks/CoreTelephony.framework; sourceTree = SDKROOT; };
		D07E6BBE1F8196280009A822 /* EventKit.framework */ = {isa = PBXFileReference; lastKnownFileType = wrapper.framework; name = EventKit.framework; path = System/Library/Frameworks/EventKit.framework; sourceTree = SDKROOT; };
		D07E6BC01F81962F0009A822 /* EventKitUI.framework */ = {isa = PBXFileReference; lastKnownFileType = wrapper.framework; name = EventKitUI.framework; path = System/Library/Frameworks/EventKitUI.framework; sourceTree = SDKROOT; };
		D07E6BC21F8196360009A822 /* MessageUI.framework */ = {isa = PBXFileReference; lastKnownFileType = wrapper.framework; name = MessageUI.framework; path = System/Library/Frameworks/MessageUI.framework; sourceTree = SDKROOT; };
		D07E6BC41F81963C0009A822 /* StoreKit.framework */ = {isa = PBXFileReference; lastKnownFileType = wrapper.framework; name = StoreKit.framework; path = System/Library/Frameworks/StoreKit.framework; sourceTree = SDKROOT; };
		D07E6BC61F8196440009A822 /* SystemConfiguration.framework */ = {isa = PBXFileReference; lastKnownFileType = wrapper.framework; name = SystemConfiguration.framework; path = System/Library/Frameworks/SystemConfiguration.framework; sourceTree = SDKROOT; };
		D07E6BC81F81973B0009A822 /* GoogleMobileAds.framework */ = {isa = PBXFileReference; lastKnownFileType = wrapper.framework; name = GoogleMobileAds.framework; path = "SDKs/GoogleMobileAdsSdkiOS-7.24.1/GoogleMobileAds.framework"; sourceTree = "<group>"; };
		D0A735571FA19CBC0091F93B /* MaxLengthTextField.swift */ = {isa = PBXFileReference; fileEncoding = 4; lastKnownFileType = sourcecode.swift; path = MaxLengthTextField.swift; sourceTree = "<group>"; };
/* End PBXFileReference section */

/* Begin PBXFrameworksBuildPhase section */
		D0231AD41F79E7BB004DBD1C /* Frameworks */ = {
			isa = PBXFrameworksBuildPhase;
			buildActionMask = 2147483647;
			files = (
				D07E6BCA1F8197680009A822 /* GoogleMobileAds.framework in Frameworks */,
				D07E6BC71F8196440009A822 /* SystemConfiguration.framework in Frameworks */,
				D07E6BC51F81963C0009A822 /* StoreKit.framework in Frameworks */,
				D07E6BC31F8196360009A822 /* MessageUI.framework in Frameworks */,
				D07E6BC11F81962F0009A822 /* EventKitUI.framework in Frameworks */,
				D07E6BBF1F8196280009A822 /* EventKit.framework in Frameworks */,
				D07E6BBD1F8196200009A822 /* CoreTelephony.framework in Frameworks */,
				D07E6BBB1F8196170009A822 /* CoreGraphics.framework in Frameworks */,
				D07E6BB91F8196100009A822 /* AVFoundation.framework in Frameworks */,
				D07E6BB71F81960A0009A822 /* AudioToolbox.framework in Frameworks */,
				D07E6BB51F8196010009A822 /* AdSupport.framework in Frameworks */,
				D07E6BC91F81973B0009A822 /* GoogleMobileAds.framework in Frameworks */,
			);
			runOnlyForDeploymentPostprocessing = 0;
		};
/* End PBXFrameworksBuildPhase section */

/* Begin PBXGroup section */
		D0231ACE1F79E7BA004DBD1C = {
			isa = PBXGroup;
			children = (
				D0231AD91F79E7BB004DBD1C /* edibleThcCalculator */,
				D0231AD81F79E7BB004DBD1C /* Products */,
				D07E6BB11F8195EE0009A822 /* Frameworks */,
			);
			sourceTree = "<group>";
		};
		D0231AD81F79E7BB004DBD1C /* Products */ = {
			isa = PBXGroup;
			children = (
				D0231AD71F79E7BB004DBD1C /* edibleThcCalculator.app */,
			);
			name = Products;
			sourceTree = "<group>";
		};
		D0231AD91F79E7BB004DBD1C /* edibleThcCalculator */ = {
			isa = PBXGroup;
			children = (
				D0231ADA1F79E7BB004DBD1C /* AppDelegate.swift */,
				D0231ADC1F79E7BB004DBD1C /* ViewController.swift */,
				D0231ADE1F79E7BB004DBD1C /* Main.storyboard */,
				D07C27B11F7C62F50064E5ED /* PopUpViewController.swift */,
				D0231AE11F79E7BB004DBD1C /* Assets.xcassets */,
				D0231AE31F79E7BB004DBD1C /* LaunchScreen.storyboard */,
				D0231AE61F79E7BB004DBD1C /* Info.plist */,
				D0A735571FA19CBC0091F93B /* MaxLengthTextField.swift */,
			);
			path = edibleThcCalculator;
			sourceTree = "<group>";
		};
		D07E6BB11F8195EE0009A822 /* Frameworks */ = {
			isa = PBXGroup;
			children = (
				D07E6BC81F81973B0009A822 /* GoogleMobileAds.framework */,
				D07E6BC61F8196440009A822 /* SystemConfiguration.framework */,
				D07E6BC41F81963C0009A822 /* StoreKit.framework */,
				D07E6BC21F8196360009A822 /* MessageUI.framework */,
				D07E6BC01F81962F0009A822 /* EventKitUI.framework */,
				D07E6BBE1F8196280009A822 /* EventKit.framework */,
				D07E6BBC1F8196200009A822 /* CoreTelephony.framework */,
				D07E6BBA1F8196170009A822 /* CoreGraphics.framework */,
				D07E6BB81F8196100009A822 /* AVFoundation.framework */,
				D07E6BB61F81960A0009A822 /* AudioToolbox.framework */,
				D07E6BB41F8196010009A822 /* AdSupport.framework */,
				D07E6BB21F8195EF0009A822 /* GoogleMobileAds.framework */,
			);
			name = Frameworks;
			sourceTree = "<group>";
		};
/* End PBXGroup section */

/* Begin PBXNativeTarget section */
		D0231AD61F79E7BB004DBD1C /* edibleThcCalculator */ = {
			isa = PBXNativeTarget;
			buildConfigurationList = D0231AE91F79E7BB004DBD1C /* Build configuration list for PBXNativeTarget "edibleThcCalculator" */;
			buildPhases = (
				D0231AD31F79E7BB004DBD1C /* Sources */,
				D0231AD41F79E7BB004DBD1C /* Frameworks */,
				D0231AD51F79E7BB004DBD1C /* Resources */,
			);
			buildRules = (
			);
			dependencies = (
			);
			name = edibleThcCalculator;
			productName = edibleThcCalculator;
			productReference = D0231AD71F79E7BB004DBD1C /* edibleThcCalculator.app */;
			productType = "com.apple.product-type.application";
		};
/* End PBXNativeTarget section */

/* Begin PBXProject section */
		D0231ACF1F79E7BA004DBD1C /* Project object */ = {
			isa = PBXProject;
			attributes = {
				LastSwiftUpdateCheck = 0830;
				LastUpgradeCheck = 0830;
				ORGANIZATIONNAME = "RD concepts";
				TargetAttributes = {
					D0231AD61F79E7BB004DBD1C = {
						CreatedOnToolsVersion = 8.3.3;
						ProvisioningStyle = Automatic;
					};
				};
			};
			buildConfigurationList = D0231AD21F79E7BA004DBD1C /* Build configuration list for PBXProject "edibleThcCalculator" */;
			compatibilityVersion = "Xcode 3.2";
			developmentRegion = English;
			hasScannedForEncodings = 0;
			knownRegions = (
				en,
				Base,
			);
			mainGroup = D0231ACE1F79E7BA004DBD1C;
			productRefGroup = D0231AD81F79E7BB004DBD1C /* Products */;
			projectDirPath = "";
			projectRoot = "";
			targets = (
				D0231AD61F79E7BB004DBD1C /* edibleThcCalculator */,
			);
		};
/* End PBXProject section */

/* Begin PBXResourcesBuildPhase section */
		D0231AD51F79E7BB004DBD1C /* Resources */ = {
			isa = PBXResourcesBuildPhase;
			buildActionMask = 2147483647;
			files = (
				D0231AE51F79E7BB004DBD1C /* LaunchScreen.storyboard in Resources */,
				D0231AE21F79E7BB004DBD1C /* Assets.xcassets in Resources */,
				D0231AE01F79E7BB004DBD1C /* Main.storyboard in Resources */,
			);
			runOnlyForDeploymentPostprocessing = 0;
		};
/* End PBXResourcesBuildPhase section */

/* Begin PBXSourcesBuildPhase section */
		D0231AD31F79E7BB004DBD1C /* Sources */ = {
			isa = PBXSourcesBuildPhase;
			buildActionMask = 2147483647;
			files = (
				D0A735581FA19CBC0091F93B /* MaxLengthTextField.swift in Sources */,
				D0231ADD1F79E7BB004DBD1C /* ViewController.swift in Sources */,
				D07C27B21F7C62F50064E5ED /* PopUpViewController.swift in Sources */,
				D0231ADB1F79E7BB004DBD1C /* AppDelegate.swift in Sources */,
			);
			runOnlyForDeploymentPostprocessing = 0;
		};
/* End PBXSourcesBuildPhase section */

/* Begin PBXVariantGroup section */
		D0231ADE1F79E7BB004DBD1C /* Main.storyboard */ = {
			isa = PBXVariantGroup;
			children = (
				D0231ADF1F79E7BB004DBD1C /* Base */,
			);
			name = Main.storyboard;
			sourceTree = "<group>";
		};
		D0231AE31F79E7BB004DBD1C /* LaunchScreen.storyboard */ = {
			isa = PBXVariantGroup;
			children = (
				D0231AE41F79E7BB004DBD1C /* Base */,
			);
			name = LaunchScreen.storyboard;
			sourceTree = "<group>";
		};
/* End PBXVariantGroup section */

/* Begin XCBuildConfiguration section */
		D0231AE71F79E7BB004DBD1C /* Debug */ = {
			isa = XCBuildConfiguration;
			buildSettings = {
				ALWAYS_SEARCH_USER_PATHS = NO;
				CLANG_ANALYZER_NONNULL = YES;
				CLANG_ANALYZER_NUMBER_OBJECT_CONVERSION = YES_AGGRESSIVE;
				CLANG_CXX_LANGUAGE_STANDARD = "gnu++0x";
				CLANG_CXX_LIBRARY = "libc++";
				CLANG_ENABLE_MODULES = YES;
				CLANG_ENABLE_OBJC_ARC = YES;
				CLANG_WARN_BOOL_CONVERSION = YES;
				CLANG_WARN_CONSTANT_CONVERSION = YES;
				CLANG_WARN_DIRECT_OBJC_ISA_USAGE = YES_ERROR;
				CLANG_WARN_DOCUMENTATION_COMMENTS = YES;
				CLANG_WARN_EMPTY_BODY = YES;
				CLANG_WARN_ENUM_CONVERSION = YES;
				CLANG_WARN_INFINITE_RECURSION = YES;
				CLANG_WARN_INT_CONVERSION = YES;
				CLANG_WARN_OBJC_ROOT_CLASS = YES_ERROR;
				CLANG_WARN_SUSPICIOUS_MOVE = YES;
				CLANG_WARN_UNREACHABLE_CODE = YES;
				CLANG_WARN__DUPLICATE_METHOD_MATCH = YES;
				"CODE_SIGN_IDENTITY[sdk=iphoneos*]" = "iPhone Developer";
				COPY_PHASE_STRIP = NO;
				DEBUG_INFORMATION_FORMAT = dwarf;
				ENABLE_STRICT_OBJC_MSGSEND = YES;
				ENABLE_TESTABILITY = YES;
				GCC_C_LANGUAGE_STANDARD = gnu99;
				GCC_DYNAMIC_NO_PIC = NO;
				GCC_NO_COMMON_BLOCKS = YES;
				GCC_OPTIMIZATION_LEVEL = 0;
				GCC_PREPROCESSOR_DEFINITIONS = (
					"DEBUG=1",
					"$(inherited)",
				);
				GCC_WARN_64_TO_32_BIT_CONVERSION = YES;
				GCC_WARN_ABOUT_RETURN_TYPE = YES_ERROR;
				GCC_WARN_UNDECLARED_SELECTOR = YES;
				GCC_WARN_UNINITIALIZED_AUTOS = YES_AGGRESSIVE;
				GCC_WARN_UNUSED_FUNCTION = YES;
				GCC_WARN_UNUSED_VARIABLE = YES;
				IPHONEOS_DEPLOYMENT_TARGET = 10.3;
				MTL_ENABLE_DEBUG_INFO = YES;
				ONLY_ACTIVE_ARCH = YES;
				SDKROOT = iphoneos;
				SWIFT_ACTIVE_COMPILATION_CONDITIONS = DEBUG;
				SWIFT_OPTIMIZATION_LEVEL = "-Onone";
			};
			name = Debug;
		};
		D0231AE81F79E7BB004DBD1C /* Release */ = {
			isa = XCBuildConfiguration;
			buildSettings = {
				ALWAYS_SEARCH_USER_PATHS = NO;
				CLANG_ANALYZER_NONNULL = YES;
				CLANG_ANALYZER_NUMBER_OBJECT_CONVERSION = YES_AGGRESSIVE;
				CLANG_CXX_LANGUAGE_STANDARD = "gnu++0x";
				CLANG_CXX_LIBRARY = "libc++";
				CLANG_ENABLE_MODULES = YES;
				CLANG_ENABLE_OBJC_ARC = YES;
				CLANG_WARN_BOOL_CONVERSION = YES;
				CLANG_WARN_CONSTANT_CONVERSION = YES;
				CLANG_WARN_DIRECT_OBJC_ISA_USAGE = YES_ERROR;
				CLANG_WARN_DOCUMENTATION_COMMENTS = YES;
				CLANG_WARN_EMPTY_BODY = YES;
				CLANG_WARN_ENUM_CONVERSION = YES;
				CLANG_WARN_INFINITE_RECURSION = YES;
				CLANG_WARN_INT_CONVERSION = YES;
				CLANG_WARN_OBJC_ROOT_CLASS = YES_ERROR;
				CLANG_WARN_SUSPICIOUS_MOVE = YES;
				CLANG_WARN_UNREACHABLE_CODE = YES;
				CLANG_WARN__DUPLICATE_METHOD_MATCH = YES;
				"CODE_SIGN_IDENTITY[sdk=iphoneos*]" = "iPhone Developer";
				COPY_PHASE_STRIP = NO;
				DEBUG_INFORMATION_FORMAT = "dwarf-with-dsym";
				ENABLE_NS_ASSERTIONS = NO;
				ENABLE_STRICT_OBJC_MSGSEND = YES;
				GCC_C_LANGUAGE_STANDARD = gnu99;
				GCC_NO_COMMON_BLOCKS = YES;
				GCC_WARN_64_TO_32_BIT_CONVERSION = YES;
				GCC_WARN_ABOUT_RETURN_TYPE = YES_ERROR;
				GCC_WARN_UNDECLARED_SELECTOR = YES;
				GCC_WARN_UNINITIALIZED_AUTOS = YES_AGGRESSIVE;
				GCC_WARN_UNUSED_FUNCTION = YES;
				GCC_WARN_UNUSED_VARIABLE = YES;
				IPHONEOS_DEPLOYMENT_TARGET = 10.3;
				MTL_ENABLE_DEBUG_INFO = NO;
				SDKROOT = iphoneos;
				SWIFT_OPTIMIZATION_LEVEL = "-Owholemodule";
				VALIDATE_PRODUCT = YES;
			};
			name = Release;
		};
		D0231AEA1F79E7BB004DBD1C /* Debug */ = {
			isa = XCBuildConfiguration;
			buildSettings = {
				ASSETCATALOG_COMPILER_APPICON_NAME = AppIcon;
				FRAMEWORK_SEARCH_PATHS = (
					"$(inherited)",
					"$(PROJECT_DIR)/SDKs\\ copy/GoogleMobileAdsSdkiOS-7.24.1",
					"$(PROJECT_DIR)/SDKs/GoogleMobileAdsSdkiOS-7.24.1",
					"$(PROJECT_DIR)/SDKs\\ copy/GoogleMobileAdsSdkiOS-7.24.1",
				);
				INFOPLIST_FILE = edibleThcCalculator/Info.plist;
				LD_RUNPATH_SEARCH_PATHS = "$(inherited) @executable_path/Frameworks";
				PRODUCT_BUNDLE_IDENTIFIER = "com.reedjustin77-gmail.edibleThcCalculator";
				PRODUCT_NAME = "$(TARGET_NAME)";
				SWIFT_VERSION = 3.0;
			};
			name = Debug;
		};
		D0231AEB1F79E7BB004DBD1C /* Release */ = {
			isa = XCBuildConfiguration;
			buildSettings = {
				ASSETCATALOG_COMPILER_APPICON_NAME = AppIcon;
				FRAMEWORK_SEARCH_PATHS = (
					"$(inherited)",
					"$(PROJECT_DIR)/SDKs\\ copy/GoogleMobileAdsSdkiOS-7.24.1",
					"$(PROJECT_DIR)/SDKs/GoogleMobileAdsSdkiOS-7.24.1",
					"$(PROJECT_DIR)/SDKs\\ copy/GoogleMobileAdsSdkiOS-7.24.1",
				);
				INFOPLIST_FILE = edibleThcCalculator/Info.plist;
				LD_RUNPATH_SEARCH_PATHS = "$(inherited) @executable_path/Frameworks";
				PRODUCT_BUNDLE_IDENTIFIER = "com.reedjustin77-gmail.edibleThcCalculator";
				PRODUCT_NAME = "$(TARGET_NAME)";
				SWIFT_VERSION = 3.0;
			};
			name = Release;
		};
/* End XCBuildConfiguration section */

/* Begin XCConfigurationList section */
		D0231AD21F79E7BA004DBD1C /* Build configuration list for PBXProject "edibleThcCalculator" */ = {
			isa = XCConfigurationList;
			buildConfigurations = (
				D0231AE71F79E7BB004DBD1C /* Debug */,
				D0231AE81F79E7BB004DBD1C /* Release */,
			);
			defaultConfigurationIsVisible = 0;
			defaultConfigurationName = Release;
		};
		D0231AE91F79E7BB004DBD1C /* Build configuration list for PBXNativeTarget "edibleThcCalculator" */ = {
			isa = XCConfigurationList;
			buildConfigurations = (
				D0231AEA1F79E7BB004DBD1C /* Debug */,
				D0231AEB1F79E7BB004DBD1C /* Release */,
			);
			defaultConfigurationIsVisible = 0;
			defaultConfigurationName = Release;
		};
/* End XCConfigurationList section */
	};
	rootObject = D0231ACF1F79E7BA004DBD1C /* Project object */;
}
